# This file is automatically @generated by Cargo.
# It is not intended for manual editing.
version = 4

[[package]]
name = "alchemy-zlib"
version = "0.1.0"

[[package]]
name = "battle-effect-data"
version = "0.1.0"
dependencies = [
 "alchemy-zlib",
 "extract-resource",
 "import-asset",
]

[[package]]
name = "extract-resource"
version = "0.1.0"

[[package]]
name = "import-asset"
version = "0.1.0"
dependencies = [
 "alchemy-zlib",
]
