# This file is automatically @generated by Cargo.
# It is not intended for manual editing.
version = 4

[[package]]
name = "alchemy-bundle"
version = "0.1.0"
dependencies = [
 "alchemy-routing",
]

[[package]]
name = "alchemy-routing"
version = "0.1.0"

[[package]]
name = "mode-cohort"
version = "0.1.0"
dependencies = [
 "mode-sweep",
 "search-compiler-modes",
]

[[package]]
name = "mode-sweep"
version = "0.1.0"
dependencies = [
 "alchemy-bundle",
 "alchemy-routing",
 "search-compiler-modes",
]

[[package]]
name = "search-compiler-modes"
version = "0.1.0"
