# This file is automatically @generated by Cargo.
# It is not intended for manual editing.
version = 4

[[package]]
name = "alchemy-bundle"
version = "0.1.0"
dependencies = [
 "alchemy-routing",
]

[[package]]
name = "alchemy-plan"
version = "0.1.0"
dependencies = [
 "alchemy-bundle",
 "alchemy-routing",
]

[[package]]
name = "alchemy-routing"
version = "0.1.0"

[[package]]
name = "alchemy-symbols"
version = "0.1.0"
dependencies = [
 "alchemy-routing",
]

[[package]]
name = "cache-entry"
version = "0.1.0"

[[package]]
name = "candidate-compiler"
version = "0.1.0"
dependencies = [
 "alchemy-plan",
 "alchemy-routing",
 "alchemy-symbols",
 "decomp-targets",
]

[[package]]
name = "candidate-show"
version = "0.1.0"
dependencies = [
 "alchemy-routing",
 "candidate-compiler",
]

[[package]]
name = "decomp-diagnose"
version = "0.1.0"
dependencies = [
 "candidate-compiler",
]

[[package]]
name = "decomp-targets"
version = "0.1.0"

[[package]]
name = "discover"
version = "0.1.0"

[[package]]
name = "lang-c"
version = "0.15.1"
source = "registry+https://github.com/rust-lang/crates.io-index"
checksum = "720e6492b795d1f6838eb2e51879ec3073be745a20e52c32a241b80b3c8ed998"

[[package]]
name = "overlay-disasm"
version = "0.1.0"
dependencies = [
 "alchemy-bundle",
 "alchemy-plan",
 "alchemy-routing",
 "alchemy-symbols",
 "cache-entry",
 "discover",
]

[[package]]
name = "permuter"
version = "0.1.0"
dependencies = [
 "alchemy-bundle",
 "alchemy-routing",
 "candidate-compiler",
 "candidate-show",
 "lang-c",
 "overlay-disasm",
 "shape-sweep",
]

[[package]]
name = "shape-sweep"
version = "0.1.0"
dependencies = [
 "alchemy-routing",
 "candidate-compiler",
 "decomp-diagnose",
 "overlay-disasm",
]
