# This file is automatically @generated by Cargo.
# It is not intended for manual editing.
version = 4

[[package]]
name = "architecture"
version = "0.1.0"
dependencies = [
 "documented",
 "source-citations",
]

[[package]]
name = "documented"
version = "0.1.0"

[[package]]
name = "source-citations"
version = "0.1.0"
