# This file is automatically @generated by Cargo.
# It is not intended for manual editing.
version = 4

[[package]]
name = "rtl-insn"
version = "0.1.0"
dependencies = [
 "rtl-sexpr",
]

[[package]]
name = "rtl-schedule"
version = "0.1.0"
dependencies = [
 "rtl-insn",
]

[[package]]
name = "rtl-sexpr"
version = "0.1.0"
