# This file is automatically @generated by Cargo.
# It is not intended for manual editing.
version = 4

[[package]]
name = "alchemy-bundle"
version = "0.1.0"
dependencies = [
 "alchemy-routing",
]

[[package]]
name = "alchemy-plan"
version = "0.1.0"
dependencies = [
 "alchemy-bundle",
 "alchemy-routing",
]

[[package]]
name = "alchemy-routing"
version = "0.1.0"

[[package]]
name = "alchemy-symbols"
version = "0.1.0"
dependencies = [
 "alchemy-routing",
]

[[package]]
name = "cache-entry"
version = "0.1.0"

[[package]]
name = "discover"
version = "0.1.0"

[[package]]
name = "exact-reading-list"
version = "0.1.0"

[[package]]
name = "overlay-call-targets"
version = "0.1.0"
dependencies = [
 "exact-reading-list",
 "overlay-disasm",
]

[[package]]
name = "overlay-disasm"
version = "0.1.0"
dependencies = [
 "alchemy-bundle",
 "alchemy-plan",
 "alchemy-routing",
 "alchemy-symbols",
 "cache-entry",
 "discover",
]

[[package]]
name = "overlay-show"
version = "0.1.0"
dependencies = [
 "overlay-call-targets",
 "overlay-disasm",
]
