# This file is automatically @generated by Cargo.
# It is not intended for manual editing.
version = 4

[[package]]
name = "alchemy-bundle"
version = "0.1.0"
dependencies = [
 "alchemy-routing",
]

[[package]]
name = "alchemy-plan"
version = "0.1.0"
dependencies = [
 "alchemy-bundle",
 "alchemy-routing",
]

[[package]]
name = "alchemy-routing"
version = "0.1.0"

[[package]]
name = "alchemy-symbols"
version = "0.1.0"
dependencies = [
 "alchemy-routing",
]

[[package]]
name = "candidate-show"
version = "0.1.0"
dependencies = [
 "alchemy-routing",
 "match-m2c",
]

[[package]]
name = "decomp-targets"
version = "0.1.0"

[[package]]
name = "match-m2c"
version = "0.1.0"
dependencies = [
 "alchemy-plan",
 "alchemy-routing",
 "alchemy-symbols",
 "decomp-targets",
]
