# This file is automatically @generated by Cargo.
# It is not intended for manual editing.
version = 4

[[package]]
name = "alchemy-bundle"
version = "0.1.0"
dependencies = [
 "alchemy-routing",
]

[[package]]
name = "alchemy-plan"
version = "0.1.0"
dependencies = [
 "alchemy-bundle",
 "alchemy-routing",
]

[[package]]
name = "alchemy-routing"
version = "0.1.0"

[[package]]
name = "alchemy-symbols"
version = "0.1.0"
dependencies = [
 "alchemy-routing",
]

[[package]]
name = "cache-entry"
version = "0.1.0"

[[package]]
name = "candidate-explain"
version = "0.1.0"
dependencies = [
 "alchemy-plan",
 "alchemy-routing",
 "match-m2c",
 "overlay-disasm",
 "rtl-align",
 "rtl-insn",
 "rtl-schedule",
 "thumb-disasm",
]

[[package]]
name = "decomp-targets"
version = "0.1.0"

[[package]]
name = "discover"
version = "0.1.0"

[[package]]
name = "match-m2c"
version = "0.1.0"
dependencies = [
 "alchemy-plan",
 "alchemy-routing",
 "alchemy-symbols",
 "decomp-targets",
]

[[package]]
name = "overlay-disasm"
version = "0.1.0"
dependencies = [
 "alchemy-bundle",
 "alchemy-plan",
 "alchemy-routing",
 "alchemy-symbols",
 "cache-entry",
 "discover",
]

[[package]]
name = "rtl-align"
version = "0.1.0"
dependencies = [
 "rtl-insn",
 "thumb-disasm",
]

[[package]]
name = "rtl-insn"
version = "0.1.0"
dependencies = [
 "rtl-sexpr",
]

[[package]]
name = "rtl-schedule"
version = "0.1.0"
dependencies = [
 "rtl-insn",
]

[[package]]
name = "rtl-sexpr"
version = "0.1.0"

[[package]]
name = "thumb-disasm"
version = "0.1.0"
