# This file is automatically @generated by Cargo.
# It is not intended for manual editing.
version = 4

[[package]]
name = "rtl-align"
version = "0.1.0"
dependencies = [
 "rtl-insn",
 "thumb-disasm",
]

[[package]]
name = "rtl-insn"
version = "0.1.0"
dependencies = [
 "rtl-sexpr",
]

[[package]]
name = "rtl-sexpr"
version = "0.1.0"

[[package]]
name = "thumb-disasm"
version = "0.1.0"
